// !$*UTF8*$!
{
	archiveVersion = 1;
	classes = {
	};
	objectVersion = 50;
	objects = {

/* Begin PBXBuildFile section */
		184AE073C20A2C3E6A54E978 /* Pods_translator.framework in Frameworks */ = {isa = PBXBuildFile; fileRef = F55EA687BC9E30763E1D7F8B /* Pods_translator.framework */; };
		8FD5EBAF238B0D31001BAFF9 /* AppDelegate.swift in Sources */ = {isa = PBXBuildFile; fileRef = 8FD5EBAE238B0D31001BAFF9 /* AppDelegate.swift */; };
		8FD5EBB1238B0D33001BAFF9 /* Assets.xcassets in Resources */ = {isa = PBXBuildFile; fileRef = 8FD5EBB0238B0D33001BAFF9 /* Assets.xcassets */; };
		8FD5EBB4238B0D33001BAFF9 /* MainMenu.xib in Resources */ = {isa = PBXBuildFile; fileRef = 8FD5EBB2238B0D33001BAFF9 /* MainMenu.xib */; };
/* End PBXBuildFile section */

/* Begin PBXFileReference section */
		02C42BD0D5FCF7A4A92F01F0 /* Pods-translator.debug.xcconfig */ = {isa = PBXFileReference; includeInIndex = 1; lastKnownFileType = text.xcconfig; name = "Pods-translator.debug.xcconfig"; path = "Target Support Files/Pods-translator/Pods-translator.debug.xcconfig"; sourceTree = "<group>"; };
		3ACDD5AE787AA90D4B791CF4 /* Pods-translator.release.xcconfig */ = {isa = PBXFileReference; includeInIndex = 1; lastKnownFileType = text.xcconfig; name = "Pods-translator.release.xcconfig"; path = "Target Support Files/Pods-translator/Pods-translator.release.xcconfig"; sourceTree = "<group>"; };
		8FD5EBAB238B0D31001BAFF9 /* translator.app */ = {isa = PBXFileReference; explicitFileType = wrapper.application; includeInIndex = 0; path = translator.app; sourceTree = BUILT_PRODUCTS_DIR; };
		8FD5EBAE238B0D31001BAFF9 /* AppDelegate.swift */ = {isa = PBXFileReference; lastKnownFileType = sourcecode.swift; path = AppDelegate.swift; sourceTree = "<group>"; };
		8FD5EBB0238B0D33001BAFF9 /* Assets.xcassets */ = {isa = PBXFileReference; lastKnownFileType = folder.assetcatalog; path = Assets.xcassets; sourceTree = "<group>"; };
		8FD5EBB3238B0D33001BAFF9 /* Base */ = {isa = PBXFileReference; lastKnownFileType = file.xib; name = Base; path = Base.lproj/MainMenu.xib; sourceTree = "<group>"; };
		8FD5EBB5238B0D33001BAFF9 /* Info.plist */ = {isa = PBXFileReference; lastKnownFileType = text.plist.xml; path = Info.plist; sourceTree = "<group>"; };
		8FD5EBB6238B0D33001BAFF9 /* translator.entitlements */ = {isa = PBXFileReference; lastKnownFileType = text.plist.entitlements; path = translator.entitlements; sourceTree = "<group>"; };
		F55EA687BC9E30763E1D7F8B /* Pods_translator.framework */ = {isa = PBXFileReference; explicitFileType = wrapper.framework; includeInIndex = 0; path = Pods_translator.framework; sourceTree = BUILT_PRODUCTS_DIR; };
/* End PBXFileReference section */

/* Begin PBXFrameworksBuildPhase section */
		8FD5EBA8238B0D31001BAFF9 /* Frameworks */ = {
			isa = PBXFrameworksBuildPhase;
			buildActionMask = 2147483647;
			files = (
				184AE073C20A2C3E6A54E978 /* Pods_translator.framework in Frameworks */,
			);
			runOnlyForDeploymentPostprocessing = 0;
		};
/* End PBXFrameworksBuildPhase section */

/* Begin PBXGroup section */
		854B910B4A7D059DA44BFCB9 /* Pods */ = {
			isa = PBXGroup;
			children = (
				02C42BD0D5FCF7A4A92F01F0 /* Pods-translator.debug.xcconfig */,
				3ACDD5AE787AA90D4B791CF4 /* Pods-translator.release.xcconfig */,
			);
			name = Pods;
			path = Pods;
			sourceTree = "<group>";
		};
		8FD5EBA2238B0D31001BAFF9 = {
			isa = PBXGroup;
			children = (
				8FD5EBAD238B0D31001BAFF9 /* translator */,
				8FD5EBAC238B0D31001BAFF9 /* Products */,
				854B910B4A7D059DA44BFCB9 /* Pods */,
				90F2D068D7EAA7050AC4DA5D /* Frameworks */,
			);
			sourceTree = "<group>";
		};
		8FD5EBAC238B0D31001BAFF9 /* Products */ = {
			isa = PBXGroup;
			children = (
				8FD5EBAB238B0D31001BAFF9 /* translator.app */,
			);
			name = Products;
			sourceTree = "<group>";
		};
		8FD5EBAD238B0D31001BAFF9 /* translator */ = {
			isa = PBXGroup;
			children = (
				8FD5EBAE238B0D31001BAFF9 /* AppDelegate.swift */,
				8FD5EBB0238B0D33001BAFF9 /* Assets.xcassets */,
				8FD5EBB2238B0D33001BAFF9 /* MainMenu.xib */,
				8FD5EBB5238B0D33001BAFF9 /* Info.plist */,
				8FD5EBB6238B0D33001BAFF9 /* translator.entitlements */,
			);
			path = translator;
			sourceTree = "<group>";
		};
		90F2D068D7EAA7050AC4DA5D /* Frameworks */ = {
			isa = PBXGroup;
			children = (
				F55EA687BC9E30763E1D7F8B /* Pods_translator.framework */,
			);
			name = Frameworks;
			sourceTree = "<group>";
		};
/* End PBXGroup section */

/* Begin PBXNativeTarget section */
		8FD5EBAA238B0D31001BAFF9 /* translator */ = {
			isa = PBXNativeTarget;
			buildConfigurationList = 8FD5EBB9238B0D33001BAFF9 /* Build configuration list for PBXNativeTarget "translator" */;
			buildPhases = (
				C14C839AFF58BF94909117C2 /* [CP] Check Pods Manifest.lock */,
				8FD5EBA7238B0D31001BAFF9 /* Sources */,
				8FD5EBA8238B0D31001BAFF9 /* Frameworks */,
				8FD5EBA9238B0D31001BAFF9 /* Resources */,
				0BF35218D21651D6AF33310D /* [CP] Embed Pods Frameworks */,
			);
			buildRules = (
			);
			dependencies = (
			);
			name = translator;
			productName = translator;
			productReference = 8FD5EBAB238B0D31001BAFF9 /* translator.app */;
			productType = "com.apple.product-type.application";
		};
/* End PBXNativeTarget section */

/* Begin PBXProject section */
		8FD5EBA3238B0D31001BAFF9 /* Project object */ = {
			isa = PBXProject;
			attributes = {
				LastSwiftUpdateCheck = 1120;
				LastUpgradeCheck = 1120;
				ORGANIZATIONNAME = sergemi;
				TargetAttributes = {
					8FD5EBAA238B0D31001BAFF9 = {
						CreatedOnToolsVersion = 11.2.1;
					};
				};
			};
			buildConfigurationList = 8FD5EBA6238B0D31001BAFF9 /* Build configuration list for PBXProject "translator" */;
			compatibilityVersion = "Xcode 9.3";
			developmentRegion = en;
			hasScannedForEncodings = 0;
			knownRegions = (
				en,
				Base,
			);
			mainGroup = 8FD5EBA2238B0D31001BAFF9;
			productRefGroup = 8FD5EBAC238B0D31001BAFF9 /* Products */;
			projectDirPath = "";
			projectRoot = "";
			targets = (
				8FD5EBAA238B0D31001BAFF9 /* translator */,
			);
		};
/* End PBXProject section */

/* Begin PBXResourcesBuildPhase section */
		8FD5EBA9238B0D31001BAFF9 /* Resources */ = {
			isa = PBXResourcesBuildPhase;
			buildActionMask = 2147483647;
			files = (
				8FD5EBB1238B0D33001BAFF9 /* Assets.xcassets in Resources */,
				8FD5EBB4238B0D33001BAFF9 /* MainMenu.xib in Resources */,
			);
			runOnlyForDeploymentPostprocessing = 0;
		};
/* End PBXResourcesBuildPhase section */

/* Begin PBXShellScriptBuildPhase section */
		0BF35218D21651D6AF33310D /* [CP] Embed Pods Frameworks */ = {
			isa = PBXShellScriptBuildPhase;
			buildActionMask = 2147483647;
			files = (
			);
			inputFileListPaths = (
				"${PODS_ROOT}/Target Support Files/Pods-translator/Pods-translator-frameworks-${CONFIGURATION}-input-files.xcfilelist",
			);
			name = "[CP] Embed Pods Frameworks";
			outputFileListPaths = (
				"${PODS_ROOT}/Target Support Files/Pods-translator/Pods-translator-frameworks-${CONFIGURATION}-output-files.xcfilelist",
			);
			runOnlyForDeploymentPostprocessing = 0;
			shellPath = /bin/sh;
			shellScript = "\"${PODS_ROOT}/Target Support Files/Pods-translator/Pods-translator-frameworks.sh\"\n";
			showEnvVarsInLog = 0;
		};
		C14C839AFF58BF94909117C2 /* [CP] Check Pods Manifest.lock */ = {
			isa = PBXShellScriptBuildPhase;
			buildActionMask = 2147483647;
			files = (
			);
			inputFileListPaths = (
			);
			inputPaths = (
				"${PODS_PODFILE_DIR_PATH}/Podfile.lock",
				"${PODS_ROOT}/Manifest.lock",
			);
			name = "[CP] Check Pods Manifest.lock";
			outputFileListPaths = (
			);
			outputPaths = (
				"$(DERIVED_FILE_DIR)/Pods-translator-checkManifestLockResult.txt",
			);
			runOnlyForDeploymentPostprocessing = 0;
			shellPath = /bin/sh;
			shellScript = "diff \"${PODS_PODFILE_DIR_PATH}/Podfile.lock\" \"${PODS_ROOT}/Manifest.lock\" > /dev/null\nif [ $? != 0 ] ; then\n    # print error to STDERR\n    echo \"error: The sandbox is not in sync with the Podfile.lock. Run 'pod install' or update your CocoaPods installation.\" >&2\n    exit 1\nfi\n# This output is used by Xcode 'outputs' to avoid re-running this script phase.\necho \"SUCCESS\" > \"${SCRIPT_OUTPUT_FILE_0}\"\n";
			showEnvVarsInLog = 0;
		};
/* End PBXShellScriptBuildPhase section */

/* Begin PBXSourcesBuildPhase section */
		8FD5EBA7238B0D31001BAFF9 /* Sources */ = {
			isa = PBXSourcesBuildPhase;
			buildActionMask = 2147483647;
			files = (
				8FD5EBAF238B0D31001BAFF9 /* AppDelegate.swift in Sources */,
			);
			runOnlyForDeploymentPostprocessing = 0;
		};
/* End PBXSourcesBuildPhase section */

/* Begin PBXVariantGroup section */
		8FD5EBB2238B0D33001BAFF9 /* MainMenu.xib */ = {
			isa = PBXVariantGroup;
			children = (
				8FD5EBB3238B0D33001BAFF9 /* Base */,
			);
			name = MainMenu.xib;
			sourceTree = "<group>";
		};
/* End PBXVariantGroup section */

/* Begin XCBuildConfiguration section */
		8FD5EBB7238B0D33001BAFF9 /* Debug */ = {
			isa = XCBuildConfiguration;
			buildSettings = {
				ALWAYS_SEARCH_USER_PATHS = NO;
				CLANG_ANALYZER_NONNULL = YES;
				CLANG_ANALYZER_NUMBER_OBJECT_CONVERSION = YES_AGGRESSIVE;
				CLANG_CXX_LANGUAGE_STANDARD = "gnu++14";
				CLANG_CXX_LIBRARY = "libc++";
				CLANG_ENABLE_MODULES = YES;
				CLANG_ENABLE_OBJC_ARC = YES;
				CLANG_ENABLE_OBJC_WEAK = YES;
				CLANG_WARN_BLOCK_CAPTURE_AUTORELEASING = YES;
				CLANG_WARN_BOOL_CONVERSION = YES;
				CLANG_WARN_COMMA = YES;
				CLANG_WARN_CONSTANT_CONVERSION = YES;
				CLANG_WARN_DEPRECATED_OBJC_IMPLEMENTATIONS = YES;
				CLANG_WARN_DIRECT_OBJC_ISA_USAGE = YES_ERROR;
				CLANG_WARN_DOCUMENTATION_COMMENTS = YES;
				CLANG_WARN_EMPTY_BODY = YES;
				CLANG_WARN_ENUM_CONVERSION = YES;
				CLANG_WARN_INFINITE_RECURSION = YES;
				CLANG_WARN_INT_CONVERSION = YES;
				CLANG_WARN_NON_LITERAL_NULL_CONVERSION = YES;
				CLANG_WARN_OBJC_IMPLICIT_RETAIN_SELF = YES;
				CLANG_WARN_OBJC_LITERAL_CONVERSION = YES;
				CLANG_WARN_OBJC_ROOT_CLASS = YES_ERROR;
				CLANG_WARN_RANGE_LOOP_ANALYSIS = YES;
				CLANG_WARN_STRICT_PROTOTYPES = YES;
				CLANG_WARN_SUSPICIOUS_MOVE = YES;
				CLANG_WARN_UNGUARDED_AVAILABILITY = YES_AGGRESSIVE;
				CLANG_WARN_UNREACHABLE_CODE = YES;
				CLANG_WARN__DUPLICATE_METHOD_MATCH = YES;
				COPY_PHASE_STRIP = NO;
				DEBUG_INFORMATION_FORMAT = dwarf;
				ENABLE_STRICT_OBJC_MSGSEND = YES;
				ENABLE_TESTABILITY = YES;
				GCC_C_LANGUAGE_STANDARD = gnu11;
				GCC_DYNAMIC_NO_PIC = NO;
				GCC_NO_COMMON_BLOCKS = YES;
				GCC_OPTIMIZATION_LEVEL = 0;
				GCC_PREPROCESSOR_DEFINITIONS = (
					"DEBUG=1",
					"$(inherited)",
				);
				GCC_WARN_64_TO_32_BIT_CONVERSION = YES;
				GCC_WARN_ABOUT_RETURN_TYPE = YES_ERROR;
				GCC_WARN_UNDECLARED_SELECTOR = YES;
				GCC_WARN_UNINITIALIZED_AUTOS = YES_AGGRESSIVE;
				GCC_WARN_UNUSED_FUNCTION = YES;
				GCC_WARN_UNUSED_VARIABLE = YES;
				MACOSX_DEPLOYMENT_TARGET = 10.15;
				MTL_ENABLE_DEBUG_INFO = INCLUDE_SOURCE;
				MTL_FAST_MATH = YES;
				ONLY_ACTIVE_ARCH = YES;
				SDKROOT = macosx;
				SWIFT_ACTIVE_COMPILATION_CONDITIONS = DEBUG;
				SWIFT_OPTIMIZATION_LEVEL = "-Onone";
			};
			name = Debug;
		};
		8FD5EBB8238B0D33001BAFF9 /* Release */ = {
			isa = XCBuildConfiguration;
			buildSettings = {
				ALWAYS_SEARCH_USER_PATHS = NO;
				CLANG_ANALYZER_NONNULL = YES;
				CLANG_ANALYZER_NUMBER_OBJECT_CONVERSION = YES_AGGRESSIVE;
				CLANG_CXX_LANGUAGE_STANDARD = "gnu++14";
				CLANG_CXX_LIBRARY = "libc++";
				CLANG_ENABLE_MODULES = YES;
				CLANG_ENABLE_OBJC_ARC = YES;
				CLANG_ENABLE_OBJC_WEAK = YES;
				CLANG_WARN_BLOCK_CAPTURE_AUTORELEASING = YES;
				CLANG_WARN_BOOL_CONVERSION = YES;
				CLANG_WARN_COMMA = YES;
				CLANG_WARN_CONSTANT_CONVERSION = YES;
				CLANG_WARN_DEPRECATED_OBJC_IMPLEMENTATIONS = YES;
				CLANG_WARN_DIRECT_OBJC_ISA_USAGE = YES_ERROR;
				CLANG_WARN_DOCUMENTATION_COMMENTS = YES;
				CLANG_WARN_EMPTY_BODY = YES;
				CLANG_WARN_ENUM_CONVERSION = YES;
				CLANG_WARN_INFINITE_RECURSION = YES;
				CLANG_WARN_INT_CONVERSION = YES;
				CLANG_WARN_NON_LITERAL_NULL_CONVERSION = YES;
				CLANG_WARN_OBJC_IMPLICIT_RETAIN_SELF = YES;
				CLANG_WARN_OBJC_LITERAL_CONVERSION = YES;
				CLANG_WARN_OBJC_ROOT_CLASS = YES_ERROR;
				CLANG_WARN_RANGE_LOOP_ANALYSIS = YES;
				CLANG_WARN_STRICT_PROTOTYPES = YES;
				CLANG_WARN_SUSPICIOUS_MOVE = YES;
				CLANG_WARN_UNGUARDED_AVAILABILITY = YES_AGGRESSIVE;
				CLANG_WARN_UNREACHABLE_CODE = YES;
				CLANG_WARN__DUPLICATE_METHOD_MATCH = YES;
				COPY_PHASE_STRIP = NO;
				DEBUG_INFORMATION_FORMAT = "dwarf-with-dsym";
				ENABLE_NS_ASSERTIONS = NO;
				ENABLE_STRICT_OBJC_MSGSEND = YES;
				GCC_C_LANGUAGE_STANDARD = gnu11;
				GCC_NO_COMMON_BLOCKS = YES;
				GCC_WARN_64_TO_32_BIT_CONVERSION = YES;
				GCC_WARN_ABOUT_RETURN_TYPE = YES_ERROR;
				GCC_WARN_UNDECLARED_SELECTOR = YES;
				GCC_WARN_UNINITIALIZED_AUTOS = YES_AGGRESSIVE;
				GCC_WARN_UNUSED_FUNCTION = YES;
				GCC_WARN_UNUSED_VARIABLE = YES;
				MACOSX_DEPLOYMENT_TARGET = 10.15;
				MTL_ENABLE_DEBUG_INFO = NO;
				MTL_FAST_MATH = YES;
				SDKROOT = macosx;
				SWIFT_COMPILATION_MODE = wholemodule;
				SWIFT_OPTIMIZATION_LEVEL = "-O";
			};
			name = Release;
		};
		8FD5EBBA238B0D33001BAFF9 /* Debug */ = {
			isa = XCBuildConfiguration;
			baseConfigurationReference = 02C42BD0D5FCF7A4A92F01F0 /* Pods-translator.debug.xcconfig */;
			buildSettings = {
				ASSETCATALOG_COMPILER_APPICON_NAME = AppIcon;
				CODE_SIGN_ENTITLEMENTS = translator/translator.entitlements;
				CODE_SIGN_STYLE = Automatic;
				COMBINE_HIDPI_IMAGES = YES;
				DEVELOPMENT_TEAM = 7C8K3NAH2H;
				ENABLE_HARDENED_RUNTIME = YES;
				INFOPLIST_FILE = translator/Info.plist;
				LD_RUNPATH_SEARCH_PATHS = (
					"$(inherited)",
					"@executable_path/../Frameworks",
				);
				PRODUCT_BUNDLE_IDENTIFIER = sergemi.translator;
				PRODUCT_NAME = "$(TARGET_NAME)";
				SWIFT_VERSION = 5.0;
			};
			name = Debug;
		};
		8FD5EBBB238B0D33001BAFF9 /* Release */ = {
			isa = XCBuildConfiguration;
			baseConfigurationReference = 3ACDD5AE787AA90D4B791CF4 /* Pods-translator.release.xcconfig */;
			buildSettings = {
				ASSETCATALOG_COMPILER_APPICON_NAME = AppIcon;
				CODE_SIGN_ENTITLEMENTS = translator/translator.entitlements;
				CODE_SIGN_STYLE = Automatic;
				COMBINE_HIDPI_IMAGES = YES;
				DEVELOPMENT_TEAM = 7C8K3NAH2H;
				ENABLE_HARDENED_RUNTIME = YES;
				INFOPLIST_FILE = translator/Info.plist;
				LD_RUNPATH_SEARCH_PATHS = (
					"$(inherited)",
					"@executable_path/../Frameworks",
				);
				PRODUCT_BUNDLE_IDENTIFIER = sergemi.translator;
				PRODUCT_NAME = "$(TARGET_NAME)";
				SWIFT_VERSION = 5.0;
			};
			name = Release;
		};
/* End XCBuildConfiguration section */

/* Begin XCConfigurationList section */
		8FD5EBA6238B0D31001BAFF9 /* Build configuration list for PBXProject "translator" */ = {
			isa = XCConfigurationList;
			buildConfigurations = (
				8FD5EBB7238B0D33001BAFF9 /* Debug */,
				8FD5EBB8238B0D33001BAFF9 /* Release */,
			);
			defaultConfigurationIsVisible = 0;
			defaultConfigurationName = Release;
		};
		8FD5EBB9238B0D33001BAFF9 /* Build configuration list for PBXNativeTarget "translator" */ = {
			isa = XCConfigurationList;
			buildConfigurations = (
				8FD5EBBA238B0D33001BAFF9 /* Debug */,
				8FD5EBBB238B0D33001BAFF9 /* Release */,
			);
			defaultConfigurationIsVisible = 0;
			defaultConfigurationName = Release;
		};
/* End XCConfigurationList section */
	};
	rootObject = 8FD5EBA3238B0D31001BAFF9 /* Project object */;
}
